
Microsoft Visual Studio Solution File, Format Version 12.00
# Visual Studio Version 17
VisualStudioVersion = 17.10.35004.147
MinimumVisualStudioVersion = 10.0.40219.1
Project("{FAE04EC0-301F-11D3-BF4B-00C04F79EFBC}") = "unicatalog", "unicatalog\unicatalog.csproj", "{0B52EFC9-1F3C-4C1B-9CD3-D33FCBD2663B}"
EndProject
Global
	GlobalSection(SolutionConfigurationPlatforms) = preSolution
		Debug|Any CPU = Debug|Any CPU
		Release|Any CPU = Release|Any CPU
	EndGlobalSection
	GlobalSection(ProjectConfigurationPlatforms) = postSolution
		{0B52EFC9-1F3C-4C1B-9CD3-D33FCBD2663B}.Debug|Any CPU.ActiveCfg = Debug|Any CPU
		{0B52EFC9-1F3C-4C1B-9CD3-D33FCBD2663B}.Debug|Any CPU.Build.0 = Debug|Any CPU
		{0B52EFC9-1F3C-4C1B-9CD3-D33FCBD2663B}.Release|Any CPU.ActiveCfg = Release|Any CPU
		{0B52EFC9-1F3C-4C1B-9CD3-D33FCBD2663B}.Release|Any CPU.Build.0 = Release|Any CPU
	EndGlobalSection
	GlobalSection(SolutionProperties) = preSolution
		HideSolutionNode = FALSE
	EndGlobalSection
	GlobalSection(ExtensibilityGlobals) = postSolution
		SolutionGuid = {4DAC085C-2D06-473E-9C35-33E72614DD36}
	EndGlobalSection
EndGlobal
